
Microsoft Visual Studio Solution File, Format Version 12.00
# Visual Studio Version 17
VisualStudioVersion = 17.11.35219.272
MinimumVisualStudioVersion = 10.0.40219.1
Project("{FAE04EC0-301F-11D3-BF4B-00C04F79EFBC}") = "C# Beginner level Exercises", "C# Beginner level Exercises\C# Beginner level Exercises.csproj", "{EAC3EBA9-9786-4A5A-94EC-97B404418C1E}"
EndProject
Global
	GlobalSection(SolutionConfigurationPlatforms) = preSolution
		Debug|Any CPU = Debug|Any CPU
		Release|Any CPU = Release|Any CPU
	EndGlobalSection
	GlobalSection(ProjectConfigurationPlatforms) = postSolution
		{EAC3EBA9-9786-4A5A-94EC-97B404418C1E}.Debug|Any CPU.ActiveCfg = Debug|Any CPU
		{EAC3EBA9-9786-4A5A-94EC-97B404418C1E}.Debug|Any CPU.Build.0 = Debug|Any CPU
		{EAC3EBA9-9786-4A5A-94EC-97B404418C1E}.Release|Any CPU.ActiveCfg = Release|Any CPU
		{EAC3EBA9-9786-4A5A-94EC-97B404418C1E}.Release|Any CPU.Build.0 = Release|Any CPU
	EndGlobalSection
	GlobalSection(SolutionProperties) = preSolution
		HideSolutionNode = FALSE
	EndGlobalSection
	GlobalSection(ExtensibilityGlobals) = postSolution
		SolutionGuid = {8E93A95E-3312-455F-8D1F-3C2AFB942797}
	EndGlobalSection
EndGlobal
